
Microsoft Visual Studio Solution File, Format Version 12.00
# Visual Studio Version 16
VisualStudioVersion = 16.0.31005.135
MinimumVisualStudioVersion = 10.0.40219.1
Project("{FAE04EC0-301F-11D3-BF4B-00C04F79EFBC}") = "Sport", "Sport.csproj", "{82BEF995-812A-43A0-851E-385D779D5A91}"
EndProject
Global
	GlobalSection(SolutionConfigurationPlatforms) = preSolution
		Debug|Any CPU = Debug|Any CPU
		Release|Any CPU = Release|Any CPU
	EndGlobalSection
	GlobalSection(ProjectConfigurationPlatforms) = postSolution
		{82BEF995-812A-43A0-851E-385D779D5A91}.Debug|Any CPU.ActiveCfg = Debug|Any CPU
		{82BEF995-812A-43A0-851E-385D779D5A91}.Debug|Any CPU.Build.0 = Debug|Any CPU
		{82BEF995-812A-43A0-851E-385D779D5A91}.Release|Any CPU.ActiveCfg = Release|Any CPU
		{82BEF995-812A-43A0-851E-385D779D5A91}.Release|Any CPU.Build.0 = Release|Any CPU
	EndGlobalSection
	GlobalSection(SolutionProperties) = preSolution
		HideSolutionNode = FALSE
	EndGlobalSection
	GlobalSection(ExtensibilityGlobals) = postSolution
		SolutionGuid = {D9E72EBF-2319-413E-9924-BBE90EEC5135}
	EndGlobalSection
EndGlobal
